// !$*UTF8*$!
{
	archiveVersion = 1;
	classes = {
	};
	objectVersion = 46;
	objects = {

/* Begin PBXBuildFile section */
		85010B731572A69C004E0579 /* InfoPlist.strings in Resources */ = {isa = PBXBuildFile; fileRef = 85010B621572A69C004E0579 /* InfoPlist.strings */; };
		852FDD4D15736F0200719570 /* SerialMonitorWindowController.m in Sources */ = {isa = PBXBuildFile; fileRef = 852FDD4B15736F0200719570 /* SerialMonitorWindowController.m */; };
		852FDD4E15736F0200719570 /* SerialMonitorWindow.xib in Resources */ = {isa = PBXBuildFile; fileRef = 852FDD4C15736F0200719570 /* SerialMonitorWindow.xib */; };
		852FDD591574061000719570 /* Port.m in Sources */ = {isa = PBXBuildFile; fileRef = 852FDD581574061000719570 /* Port.m */; };
		85AF87F0156FED4F00B20241 /* Cocoa.framework in Frameworks */ = {isa = PBXBuildFile; fileRef = 85AF87EF156FED4F00B20241 /* Cocoa.framework */; };
		85AF884C156FEED800B20241 /* ArduinoPlugin.m in Sources */ = {isa = PBXBuildFile; fileRef = 85AF884B156FEED800B20241 /* ArduinoPlugin.m */; };
		85B909571574B99700B48051 /* SettingsWindowController.m in Sources */ = {isa = PBXBuildFile; fileRef = 85B909551574B99700B48051 /* SettingsWindowController.m */; };
		85B909581574B99700B48051 /* SettingsWindow.xib in Resources */ = {isa = PBXBuildFile; fileRef = 85B909561574B99700B48051 /* SettingsWindow.xib */; };
		85D2964B1574C6F90078F4F8 /* P5Preferences.m in Sources */ = {isa = PBXBuildFile; fileRef = 85D2964A1574C6F90078F4F8 /* P5Preferences.m */; };
		85D296541574C80F0078F4F8 /* SenTestingKit.framework in Frameworks */ = {isa = PBXBuildFile; fileRef = 85D296531574C80F0078F4F8 /* SenTestingKit.framework */; };
		85D296561574C80F0078F4F8 /* Cocoa.framework in Frameworks */ = {isa = PBXBuildFile; fileRef = 85D296551574C80F0078F4F8 /* Cocoa.framework */; };
		85D2965E1574C80F0078F4F8 /* InfoPlist.strings in Resources */ = {isa = PBXBuildFile; fileRef = 85D2965C1574C80F0078F4F8 /* InfoPlist.strings */; };
		85D296681574C8470078F4F8 /* P5PreferencesTest.m in Sources */ = {isa = PBXBuildFile; fileRef = 85D296671574C8470078F4F8 /* P5PreferencesTest.m */; };
		85D2966B1574C8D00078F4F8 /* preferences.txt in Resources */ = {isa = PBXBuildFile; fileRef = 85D2966A1574C8D00078F4F8 /* preferences.txt */; };
		85D2966E1574C9460078F4F8 /* FoundationNamedAdditions.m in Sources */ = {isa = PBXBuildFile; fileRef = 85D2966D1574C9460078F4F8 /* FoundationNamedAdditions.m */; };
		85D296B31574D29D0078F4F8 /* P5Preferences.m in Sources */ = {isa = PBXBuildFile; fileRef = 85D2964A1574C6F90078F4F8 /* P5Preferences.m */; };
		85D296B815751DE80078F4F8 /* IOKit.framework in Frameworks */ = {isa = PBXBuildFile; fileRef = 852FDD1B1573666500719570 /* IOKit.framework */; };
		85D296BB15752F920078F4F8 /* AVRCompiler.m in Sources */ = {isa = PBXBuildFile; fileRef = 85D296BA15752F920078F4F8 /* AVRCompiler.m */; };
		85D296C5157542CE0078F4F8 /* AVRCompilerTest.m in Sources */ = {isa = PBXBuildFile; fileRef = 85D296C4157542CE0078F4F8 /* AVRCompilerTest.m */; };
		85D296C71575434B0078F4F8 /* Sample.ino in Resources */ = {isa = PBXBuildFile; fileRef = 85D296C61575434B0078F4F8 /* Sample.ino */; };
		85D296C8157544D90078F4F8 /* AVRCompiler.m in Sources */ = {isa = PBXBuildFile; fileRef = 85D296BA15752F920078F4F8 /* AVRCompiler.m */; };
/* End PBXBuildFile section */

/* Begin PBXContainerItemProxy section */
		85D296701574C9A90078F4F8 /* PBXContainerItemProxy */ = {
			isa = PBXContainerItemProxy;
			containerPortal = 85AF87E3156FED4E00B20241 /* Project object */;
			proxyType = 1;
			remoteGlobalIDString = 85AF87EB156FED4E00B20241;
			remoteInfo = Arduino;
		};
/* End PBXContainerItemProxy section */

/* Begin PBXFileReference section */
		85010B5C1572A69C004E0579 /* Bundle-Debug.xcconfig */ = {isa = PBXFileReference; fileEncoding = 4; lastKnownFileType = text.xcconfig; path = "Bundle-Debug.xcconfig"; sourceTree = "<group>"; };
		85010B5D1572A69C004E0579 /* Bundle-Release.xcconfig */ = {isa = PBXFileReference; fileEncoding = 4; lastKnownFileType = text.xcconfig; path = "Bundle-Release.xcconfig"; sourceTree = "<group>"; };
		85010B5E1572A69C004E0579 /* Bundle.xcconfig */ = {isa = PBXFileReference; fileEncoding = 4; lastKnownFileType = text.xcconfig; path = Bundle.xcconfig; sourceTree = "<group>"; };
		85010B5F1572A69C004E0579 /* Project-Debug.xcconfig */ = {isa = PBXFileReference; fileEncoding = 4; lastKnownFileType = text.xcconfig; path = "Project-Debug.xcconfig"; sourceTree = "<group>"; };
		85010B601572A69C004E0579 /* Project-Release.xcconfig */ = {isa = PBXFileReference; fileEncoding = 4; lastKnownFileType = text.xcconfig; path = "Project-Release.xcconfig"; sourceTree = "<group>"; };
		85010B611572A69C004E0579 /* Project.xcconfig */ = {isa = PBXFileReference; fileEncoding = 4; lastKnownFileType = text.xcconfig; path = Project.xcconfig; sourceTree = "<group>"; };
		85010B631572A69C004E0579 /* en */ = {isa = PBXFileReference; lastKnownFileType = text.plist.strings; name = en; path = en.lproj/InfoPlist.strings; sourceTree = "<group>"; };
		85010B661572A69C004E0579 /* CodaPlugInsController.h */ = {isa = PBXFileReference; fileEncoding = 4; lastKnownFileType = sourcecode.c.h; path = CodaPlugInsController.h; sourceTree = "<group>"; };
		852FDCC4157018EE00719570 /* WebKit.framework */ = {isa = PBXFileReference; lastKnownFileType = wrapper.framework; name = WebKit.framework; path = System/Library/Frameworks/WebKit.framework; sourceTree = SDKROOT; };
		852FDD1B1573666500719570 /* IOKit.framework */ = {isa = PBXFileReference; lastKnownFileType = wrapper.framework; name = IOKit.framework; path = System/Library/Frameworks/IOKit.framework; sourceTree = SDKROOT; };
		852FDD4A15736F0200719570 /* SerialMonitorWindowController.h */ = {isa = PBXFileReference; fileEncoding = 4; lastKnownFileType = sourcecode.c.h; path = SerialMonitorWindowController.h; sourceTree = "<group>"; };
		852FDD4B15736F0200719570 /* SerialMonitorWindowController.m */ = {isa = PBXFileReference; fileEncoding = 4; lastKnownFileType = sourcecode.c.objc; path = SerialMonitorWindowController.m; sourceTree = "<group>"; };
		852FDD4C15736F0200719570 /* SerialMonitorWindow.xib */ = {isa = PBXFileReference; fileEncoding = 4; lastKnownFileType = file.xib; path = SerialMonitorWindow.xib; sourceTree = "<group>"; };
		852FDD571574061000719570 /* Port.h */ = {isa = PBXFileReference; fileEncoding = 4; lastKnownFileType = sourcecode.c.h; path = Port.h; sourceTree = "<group>"; };
		852FDD581574061000719570 /* Port.m */ = {isa = PBXFileReference; fileEncoding = 4; lastKnownFileType = sourcecode.c.objc; path = Port.m; sourceTree = "<group>"; };
		85AF87EC156FED4F00B20241 /* Arduino.codaplugin */ = {isa = PBXFileReference; explicitFileType = wrapper.cfbundle; includeInIndex = 0; path = Arduino.codaplugin; sourceTree = BUILT_PRODUCTS_DIR; };
		85AF87EF156FED4F00B20241 /* Cocoa.framework */ = {isa = PBXFileReference; lastKnownFileType = wrapper.framework; name = Cocoa.framework; path = System/Library/Frameworks/Cocoa.framework; sourceTree = SDKROOT; };
		85AF87F4156FED4F00B20241 /* Foundation.framework */ = {isa = PBXFileReference; lastKnownFileType = wrapper.framework; name = Foundation.framework; path = System/Library/Frameworks/Foundation.framework; sourceTree = SDKROOT; };
		85AF87F7156FED4F00B20241 /* Arduino-Info.plist */ = {isa = PBXFileReference; lastKnownFileType = text.plist.xml; path = "Arduino-Info.plist"; sourceTree = "<group>"; };
		85AF87FB156FED4F00B20241 /* Arduino-Prefix.pch */ = {isa = PBXFileReference; lastKnownFileType = sourcecode.c.h; path = "Arduino-Prefix.pch"; sourceTree = "<group>"; };
		85AF884A156FEED800B20241 /* ArduinoPlugin.h */ = {isa = PBXFileReference; fileEncoding = 4; lastKnownFileType = sourcecode.c.h; path = ArduinoPlugin.h; sourceTree = "<group>"; };
		85AF884B156FEED800B20241 /* ArduinoPlugin.m */ = {isa = PBXFileReference; fileEncoding = 4; lastKnownFileType = sourcecode.c.objc; path = ArduinoPlugin.m; sourceTree = "<group>"; };
		85B909541574B99700B48051 /* SettingsWindowController.h */ = {isa = PBXFileReference; fileEncoding = 4; lastKnownFileType = sourcecode.c.h; path = SettingsWindowController.h; sourceTree = "<group>"; };
		85B909551574B99700B48051 /* SettingsWindowController.m */ = {isa = PBXFileReference; fileEncoding = 4; lastKnownFileType = sourcecode.c.objc; path = SettingsWindowController.m; sourceTree = "<group>"; };
		85B909561574B99700B48051 /* SettingsWindow.xib */ = {isa = PBXFileReference; fileEncoding = 4; lastKnownFileType = file.xib; path = SettingsWindow.xib; sourceTree = "<group>"; };
		85D296491574C6F90078F4F8 /* P5Preferences.h */ = {isa = PBXFileReference; fileEncoding = 4; lastKnownFileType = sourcecode.c.h; path = P5Preferences.h; sourceTree = "<group>"; };
		85D2964A1574C6F90078F4F8 /* P5Preferences.m */ = {isa = PBXFileReference; fileEncoding = 4; lastKnownFileType = sourcecode.c.objc; path = P5Preferences.m; sourceTree = "<group>"; };
		85D296521574C80F0078F4F8 /* ArduinoTest.octest */ = {isa = PBXFileReference; explicitFileType = wrapper.cfbundle; includeInIndex = 0; path = ArduinoTest.octest; sourceTree = BUILT_PRODUCTS_DIR; };
		85D296531574C80F0078F4F8 /* SenTestingKit.framework */ = {isa = PBXFileReference; lastKnownFileType = wrapper.framework; name = SenTestingKit.framework; path = Library/Frameworks/SenTestingKit.framework; sourceTree = DEVELOPER_DIR; };
		85D296551574C80F0078F4F8 /* Cocoa.framework */ = {isa = PBXFileReference; lastKnownFileType = wrapper.framework; name = Cocoa.framework; path = Library/Frameworks/Cocoa.framework; sourceTree = DEVELOPER_DIR; };
		85D296571574C80F0078F4F8 /* AppKit.framework */ = {isa = PBXFileReference; lastKnownFileType = wrapper.framework; name = AppKit.framework; path = Library/Frameworks/AppKit.framework; sourceTree = SDKROOT; };
		85D296581574C80F0078F4F8 /* CoreData.framework */ = {isa = PBXFileReference; lastKnownFileType = wrapper.framework; name = CoreData.framework; path = Library/Frameworks/CoreData.framework; sourceTree = SDKROOT; };
		85D2965B1574C80F0078F4F8 /* ArduinoTest-Info.plist */ = {isa = PBXFileReference; lastKnownFileType = text.plist.xml; path = "ArduinoTest-Info.plist"; sourceTree = "<group>"; };
		85D2965D1574C80F0078F4F8 /* en */ = {isa = PBXFileReference; lastKnownFileType = text.plist.strings; name = en; path = en.lproj/InfoPlist.strings; sourceTree = "<group>"; };
		85D296621574C80F0078F4F8 /* ArduinoTest-Prefix.pch */ = {isa = PBXFileReference; lastKnownFileType = sourcecode.c.h; path = "ArduinoTest-Prefix.pch"; sourceTree = "<group>"; };
		85D296661574C8470078F4F8 /* P5PreferencesTest.h */ = {isa = PBXFileReference; fileEncoding = 4; lastKnownFileType = sourcecode.c.h; path = P5PreferencesTest.h; sourceTree = "<group>"; };
		85D296671574C8470078F4F8 /* P5PreferencesTest.m */ = {isa = PBXFileReference; fileEncoding = 4; lastKnownFileType = sourcecode.c.objc; path = P5PreferencesTest.m; sourceTree = "<group>"; };
		85D2966A1574C8D00078F4F8 /* preferences.txt */ = {isa = PBXFileReference; fileEncoding = 4; lastKnownFileType = text; path = preferences.txt; sourceTree = "<group>"; };
		85D2966C1574C9460078F4F8 /* FoundationNamedAdditions.h */ = {isa = PBXFileReference; fileEncoding = 4; lastKnownFileType = sourcecode.c.h; path = FoundationNamedAdditions.h; sourceTree = "<group>"; };
		85D2966D1574C9460078F4F8 /* FoundationNamedAdditions.m */ = {isa = PBXFileReference; fileEncoding = 4; lastKnownFileType = sourcecode.c.objc; path = FoundationNamedAdditions.m; sourceTree = "<group>"; };
		85D296B915752F920078F4F8 /* AVRCompiler.h */ = {isa = PBXFileReference; fileEncoding = 4; lastKnownFileType = sourcecode.c.h; path = AVRCompiler.h; sourceTree = "<group>"; };
		85D296BA15752F920078F4F8 /* AVRCompiler.m */ = {isa = PBXFileReference; fileEncoding = 4; lastKnownFileType = sourcecode.c.objc; path = AVRCompiler.m; sourceTree = "<group>"; };
		85D296C3157542CE0078F4F8 /* AVRCompilerTest.h */ = {isa = PBXFileReference; fileEncoding = 4; lastKnownFileType = sourcecode.c.h; path = AVRCompilerTest.h; sourceTree = "<group>"; };
		85D296C4157542CE0078F4F8 /* AVRCompilerTest.m */ = {isa = PBXFileReference; fileEncoding = 4; lastKnownFileType = sourcecode.c.objc; path = AVRCompilerTest.m; sourceTree = "<group>"; };
		85D296C61575434B0078F4F8 /* Sample.ino */ = {isa = PBXFileReference; fileEncoding = 4; lastKnownFileType = text; path = Sample.ino; sourceTree = "<group>"; };
/* End PBXFileReference section */

/* Begin PBXFrameworksBuildPhase section */
		85AF87E9156FED4E00B20241 /* Frameworks */ = {
			isa = PBXFrameworksBuildPhase;
			buildActionMask = 2147483647;
			files = (
				85D296B815751DE80078F4F8 /* IOKit.framework in Frameworks */,
				85AF87F0156FED4F00B20241 /* Cocoa.framework in Frameworks */,
			);
			runOnlyForDeploymentPostprocessing = 0;
		};
		85D2964E1574C80F0078F4F8 /* Frameworks */ = {
			isa = PBXFrameworksBuildPhase;
			buildActionMask = 2147483647;
			files = (
				85D296541574C80F0078F4F8 /* SenTestingKit.framework in Frameworks */,
				85D296561574C80F0078F4F8 /* Cocoa.framework in Frameworks */,
			);
			runOnlyForDeploymentPostprocessing = 0;
		};
/* End PBXFrameworksBuildPhase section */

/* Begin PBXGroup section */
		85010B591572A69C004E0579 /* Shared */ = {
			isa = PBXGroup;
			children = (
				85010B5B1572A69C004E0579 /* Configurations */,
				85010B621572A69C004E0579 /* InfoPlist.strings */,
				85010B651572A69C004E0579 /* Sources */,
			);
			path = Shared;
			sourceTree = "<group>";
		};
		85010B5B1572A69C004E0579 /* Configurations */ = {
			isa = PBXGroup;
			children = (
				85010B5C1572A69C004E0579 /* Bundle-Debug.xcconfig */,
				85010B5D1572A69C004E0579 /* Bundle-Release.xcconfig */,
				85010B5E1572A69C004E0579 /* Bundle.xcconfig */,
				85010B5F1572A69C004E0579 /* Project-Debug.xcconfig */,
				85010B601572A69C004E0579 /* Project-Release.xcconfig */,
				85010B611572A69C004E0579 /* Project.xcconfig */,
			);
			path = Configurations;
			sourceTree = "<group>";
		};
		85010B651572A69C004E0579 /* Sources */ = {
			isa = PBXGroup;
			children = (
				85010B661572A69C004E0579 /* CodaPlugInsController.h */,
			);
			path = Sources;
			sourceTree = "<group>";
		};
		852FDD501573709F00719570 /* SerialMonitor */ = {
			isa = PBXGroup;
			children = (
				852FDD571574061000719570 /* Port.h */,
				852FDD581574061000719570 /* Port.m */,
				852FDD4A15736F0200719570 /* SerialMonitorWindowController.h */,
				852FDD4B15736F0200719570 /* SerialMonitorWindowController.m */,
				852FDD4C15736F0200719570 /* SerialMonitorWindow.xib */,
			);
			name = SerialMonitor;
			sourceTree = "<group>";
		};
		85AF87E1156FED4E00B20241 = {
			isa = PBXGroup;
			children = (
				85010B591572A69C004E0579 /* Shared */,
				85AF87F5156FED4F00B20241 /* Arduino */,
				85D296591574C80F0078F4F8 /* ArduinoTest */,
				85AF87EE156FED4F00B20241 /* Frameworks */,
				85AF87ED156FED4F00B20241 /* Products */,
			);
			sourceTree = "<group>";
		};
		85AF87ED156FED4F00B20241 /* Products */ = {
			isa = PBXGroup;
			children = (
				85AF87EC156FED4F00B20241 /* Arduino.codaplugin */,
				85D296521574C80F0078F4F8 /* ArduinoTest.octest */,
			);
			name = Products;
			sourceTree = "<group>";
		};
		85AF87EE156FED4F00B20241 /* Frameworks */ = {
			isa = PBXGroup;
			children = (
				85D296531574C80F0078F4F8 /* SenTestingKit.framework */,
				85D296551574C80F0078F4F8 /* Cocoa.framework */,
				85AF87F1156FED4F00B20241 /* Other Frameworks */,
			);
			name = Frameworks;
			sourceTree = "<group>";
		};
		85AF87F1156FED4F00B20241 /* Other Frameworks */ = {
			isa = PBXGroup;
			children = (
				852FDD1B1573666500719570 /* IOKit.framework */,
				85AF87EF156FED4F00B20241 /* Cocoa.framework */,
				852FDCC4157018EE00719570 /* WebKit.framework */,
				85AF87F4156FED4F00B20241 /* Foundation.framework */,
				85D296571574C80F0078F4F8 /* AppKit.framework */,
				85D296581574C80F0078F4F8 /* CoreData.framework */,
			);
			name = "Other Frameworks";
			sourceTree = "<group>";
		};
		85AF87F5156FED4F00B20241 /* Arduino */ = {
			isa = PBXGroup;
			children = (
				85D2966F1574C9490078F4F8 /* Categories */,
				85B909531574B98100B48051 /* Settings */,
				85AF87F6156FED4F00B20241 /* Supporting Files */,
				85AF884A156FEED800B20241 /* ArduinoPlugin.h */,
				85AF884B156FEED800B20241 /* ArduinoPlugin.m */,
				852FDD501573709F00719570 /* SerialMonitor */,
				85D296BC15752FB40078F4F8 /* Integration */,
			);
			path = Arduino;
			sourceTree = "<group>";
		};
		85AF87F6156FED4F00B20241 /* Supporting Files */ = {
			isa = PBXGroup;
			children = (
				85AF87F7156FED4F00B20241 /* Arduino-Info.plist */,
				85AF87FB156FED4F00B20241 /* Arduino-Prefix.pch */,
			);
			name = "Supporting Files";
			sourceTree = "<group>";
		};
		85B909531574B98100B48051 /* Settings */ = {
			isa = PBXGroup;
			children = (
				85B909541574B99700B48051 /* SettingsWindowController.h */,
				85B909551574B99700B48051 /* SettingsWindowController.m */,
				85B909561574B99700B48051 /* SettingsWindow.xib */,
			);
			name = Settings;
			sourceTree = "<group>";
		};
		85D296591574C80F0078F4F8 /* ArduinoTest */ = {
			isa = PBXGroup;
			children = (
				85D296691574C8D00078F4F8 /* Mocks */,
				85D2965A1574C80F0078F4F8 /* Supporting Files */,
				85D296661574C8470078F4F8 /* P5PreferencesTest.h */,
				85D296671574C8470078F4F8 /* P5PreferencesTest.m */,
				85D296C3157542CE0078F4F8 /* AVRCompilerTest.h */,
				85D296C4157542CE0078F4F8 /* AVRCompilerTest.m */,
			);
			path = ArduinoTest;
			sourceTree = "<group>";
		};
		85D2965A1574C80F0078F4F8 /* Supporting Files */ = {
			isa = PBXGroup;
			children = (
				85D2965B1574C80F0078F4F8 /* ArduinoTest-Info.plist */,
				85D2965C1574C80F0078F4F8 /* InfoPlist.strings */,
				85D296621574C80F0078F4F8 /* ArduinoTest-Prefix.pch */,
			);
			name = "Supporting Files";
			sourceTree = "<group>";
		};
		85D296691574C8D00078F4F8 /* Mocks */ = {
			isa = PBXGroup;
			children = (
				85D296C61575434B0078F4F8 /* Sample.ino */,
				85D2966A1574C8D00078F4F8 /* preferences.txt */,
			);
			path = Mocks;
			sourceTree = "<group>";
		};
		85D2966F1574C9490078F4F8 /* Categories */ = {
			isa = PBXGroup;
			children = (
				85D2966C1574C9460078F4F8 /* FoundationNamedAdditions.h */,
				85D2966D1574C9460078F4F8 /* FoundationNamedAdditions.m */,
			);
			name = Categories;
			sourceTree = "<group>";
		};
		85D296BC15752FB40078F4F8 /* Integration */ = {
			isa = PBXGroup;
			children = (
				85D296491574C6F90078F4F8 /* P5Preferences.h */,
				85D2964A1574C6F90078F4F8 /* P5Preferences.m */,
				85D296B915752F920078F4F8 /* AVRCompiler.h */,
				85D296BA15752F920078F4F8 /* AVRCompiler.m */,
			);
			name = Integration;
			sourceTree = "<group>";
		};
/* End PBXGroup section */

/* Begin PBXNativeTarget section */
		85AF87EB156FED4E00B20241 /* Arduino */ = {
			isa = PBXNativeTarget;
			buildConfigurationList = 85AF87FE156FED4F00B20241 /* Build configuration list for PBXNativeTarget "Arduino" */;
			buildPhases = (
				85AF87E8156FED4E00B20241 /* Sources */,
				85AF87E9156FED4E00B20241 /* Frameworks */,
				85AF87EA156FED4E00B20241 /* Resources */,
				85AF88721570063D00B20241 /* ShellScript */,
			);
			buildRules = (
			);
			dependencies = (
			);
			name = Arduino;
			productName = Arduino;
			productReference = 85AF87EC156FED4F00B20241 /* Arduino.codaplugin */;
			productType = "com.apple.product-type.bundle";
		};
		85D296511574C80F0078F4F8 /* ArduinoTest */ = {
			isa = PBXNativeTarget;
			buildConfigurationList = 85D296631574C80F0078F4F8 /* Build configuration list for PBXNativeTarget "ArduinoTest" */;
			buildPhases = (
				85D2964D1574C80F0078F4F8 /* Sources */,
				85D2964E1574C80F0078F4F8 /* Frameworks */,
				85D2964F1574C80F0078F4F8 /* Resources */,
				85D296501574C80F0078F4F8 /* ShellScript */,
			);
			buildRules = (
			);
			dependencies = (
				85D296711574C9A90078F4F8 /* PBXTargetDependency */,
			);
			name = ArduinoTest;
			productName = ArduinoTest;
			productReference = 85D296521574C80F0078F4F8 /* ArduinoTest.octest */;
			productType = "com.apple.product-type.bundle";
		};
/* End PBXNativeTarget section */

/* Begin PBXProject section */
		85AF87E3156FED4E00B20241 /* Project object */ = {
			isa = PBXProject;
			attributes = {
				LastUpgradeCheck = 0430;
				ORGANIZATIONNAME = "LittleApps Inc.";
			};
			buildConfigurationList = 85AF87E6156FED4E00B20241 /* Build configuration list for PBXProject "Arduino" */;
			compatibilityVersion = "Xcode 3.2";
			developmentRegion = English;
			hasScannedForEncodings = 0;
			knownRegions = (
				en,
			);
			mainGroup = 85AF87E1156FED4E00B20241;
			productRefGroup = 85AF87ED156FED4F00B20241 /* Products */;
			projectDirPath = "";
			projectRoot = "";
			targets = (
				85AF87EB156FED4E00B20241 /* Arduino */,
				85D296511574C80F0078F4F8 /* ArduinoTest */,
			);
		};
/* End PBXProject section */

/* Begin PBXResourcesBuildPhase section */
		85AF87EA156FED4E00B20241 /* Resources */ = {
			isa = PBXResourcesBuildPhase;
			buildActionMask = 2147483647;
			files = (
				85010B731572A69C004E0579 /* InfoPlist.strings in Resources */,
				852FDD4E15736F0200719570 /* SerialMonitorWindow.xib in Resources */,
				85B909581574B99700B48051 /* SettingsWindow.xib in Resources */,
			);
			runOnlyForDeploymentPostprocessing = 0;
		};
		85D2964F1574C80F0078F4F8 /* Resources */ = {
			isa = PBXResourcesBuildPhase;
			buildActionMask = 2147483647;
			files = (
				85D2965E1574C80F0078F4F8 /* InfoPlist.strings in Resources */,
				85D2966B1574C8D00078F4F8 /* preferences.txt in Resources */,
				85D296C71575434B0078F4F8 /* Sample.ino in Resources */,
			);
			runOnlyForDeploymentPostprocessing = 0;
		};
/* End PBXResourcesBuildPhase section */

/* Begin PBXShellScriptBuildPhase section */
		85AF88721570063D00B20241 /* ShellScript */ = {
			isa = PBXShellScriptBuildPhase;
			buildActionMask = 2147483647;
			files = (
			);
			inputPaths = (
			);
			outputPaths = (
			);
			runOnlyForDeploymentPostprocessing = 0;
			shellPath = /bin/bash;
			shellScript = "if [ $INSTALL_BUNDLE == 1 ]; then\nDEST=\"$USER_LIBRARY_DIR/Application Support/Coda 2/Plug-ins/$FULL_PRODUCT_NAME\"\nORG=\"$TARGET_BUILD_DIR/$FULL_PRODUCT_NAME\"\nrm -rf \"$DEST\"\nmv \"$ORG\" \"$DEST\"\nfi\n";
		};
		85D296501574C80F0078F4F8 /* ShellScript */ = {
			isa = PBXShellScriptBuildPhase;
			buildActionMask = 2147483647;
			files = (
			);
			inputPaths = (
			);
			outputPaths = (
			);
			runOnlyForDeploymentPostprocessing = 0;
			shellPath = /bin/sh;
			shellScript = "# Run the unit tests in this test bundle.\n\"${SYSTEM_DEVELOPER_DIR}/Tools/RunUnitTests\"\n";
		};
/* End PBXShellScriptBuildPhase section */

/* Begin PBXSourcesBuildPhase section */
		85AF87E8156FED4E00B20241 /* Sources */ = {
			isa = PBXSourcesBuildPhase;
			buildActionMask = 2147483647;
			files = (
				85AF884C156FEED800B20241 /* ArduinoPlugin.m in Sources */,
				852FDD4D15736F0200719570 /* SerialMonitorWindowController.m in Sources */,
				852FDD591574061000719570 /* Port.m in Sources */,
				85B909571574B99700B48051 /* SettingsWindowController.m in Sources */,
				85D2964B1574C6F90078F4F8 /* P5Preferences.m in Sources */,
				85D296BB15752F920078F4F8 /* AVRCompiler.m in Sources */,
			);
			runOnlyForDeploymentPostprocessing = 0;
		};
		85D2964D1574C80F0078F4F8 /* Sources */ = {
			isa = PBXSourcesBuildPhase;
			buildActionMask = 2147483647;
			files = (
				85D296C8157544D90078F4F8 /* AVRCompiler.m in Sources */,
				85D296B31574D29D0078F4F8 /* P5Preferences.m in Sources */,
				85D296681574C8470078F4F8 /* P5PreferencesTest.m in Sources */,
				85D2966E1574C9460078F4F8 /* FoundationNamedAdditions.m in Sources */,
				85D296C5157542CE0078F4F8 /* AVRCompilerTest.m in Sources */,
			);
			runOnlyForDeploymentPostprocessing = 0;
		};
/* End PBXSourcesBuildPhase section */

/* Begin PBXTargetDependency section */
		85D296711574C9A90078F4F8 /* PBXTargetDependency */ = {
			isa = PBXTargetDependency;
			target = 85AF87EB156FED4E00B20241 /* Arduino */;
			targetProxy = 85D296701574C9A90078F4F8 /* PBXContainerItemProxy */;
		};
/* End PBXTargetDependency section */

/* Begin PBXVariantGroup section */
		85010B621572A69C004E0579 /* InfoPlist.strings */ = {
			isa = PBXVariantGroup;
			children = (
				85010B631572A69C004E0579 /* en */,
			);
			name = InfoPlist.strings;
			sourceTree = "<group>";
		};
		85D2965C1574C80F0078F4F8 /* InfoPlist.strings */ = {
			isa = PBXVariantGroup;
			children = (
				85D2965D1574C80F0078F4F8 /* en */,
			);
			name = InfoPlist.strings;
			sourceTree = "<group>";
		};
/* End PBXVariantGroup section */

/* Begin XCBuildConfiguration section */
		85AF87FC156FED4F00B20241 /* Debug */ = {
			isa = XCBuildConfiguration;
			baseConfigurationReference = 85010B5F1572A69C004E0579 /* Project-Debug.xcconfig */;
			buildSettings = {
				BUNDLE_LOADER = "$(BUILT_PRODUCTS_DIR)/Arduino.codaplugin/MacOS/Arduino";
			};
			name = Debug;
		};
		85AF87FD156FED4F00B20241 /* Release */ = {
			isa = XCBuildConfiguration;
			baseConfigurationReference = 85010B601572A69C004E0579 /* Project-Release.xcconfig */;
			buildSettings = {
				BUNDLE_LOADER = "$(BUILT_PRODUCTS_DIR)/Arduino.codaplugin/MacOS/Arduino";
			};
			name = Release;
		};
		85AF87FF156FED4F00B20241 /* Debug */ = {
			isa = XCBuildConfiguration;
			baseConfigurationReference = 85010B5C1572A69C004E0579 /* Bundle-Debug.xcconfig */;
			buildSettings = {
				BUNDLE_LOADER = "";
			};
			name = Debug;
		};
		85AF8800156FED4F00B20241 /* Release */ = {
			isa = XCBuildConfiguration;
			baseConfigurationReference = 85010B5D1572A69C004E0579 /* Bundle-Release.xcconfig */;
			buildSettings = {
				BUNDLE_LOADER = "";
			};
			name = Release;
		};
		85D296641574C80F0078F4F8 /* Debug */ = {
			isa = XCBuildConfiguration;
			buildSettings = {
				ALWAYS_SEARCH_USER_PATHS = NO;
				ARCHS = "$(ARCHS_STANDARD_64_BIT)";
				BUNDLE_LOADER = "";
				CLANG_ENABLE_OBJC_ARC = YES;
				COPY_PHASE_STRIP = NO;
				FRAMEWORK_SEARCH_PATHS = "$(DEVELOPER_LIBRARY_DIR)/Frameworks";
				GCC_C_LANGUAGE_STANDARD = gnu99;
				GCC_DYNAMIC_NO_PIC = NO;
				GCC_ENABLE_OBJC_EXCEPTIONS = YES;
				GCC_OPTIMIZATION_LEVEL = 0;
				GCC_PRECOMPILE_PREFIX_HEADER = YES;
				GCC_PREFIX_HEADER = "ArduinoTest/ArduinoTest-Prefix.pch";
				GCC_PREPROCESSOR_DEFINITIONS = (
					"DEBUG=1",
					"$(inherited)",
				);
				GCC_SYMBOLS_PRIVATE_EXTERN = NO;
				GCC_VERSION = com.apple.compilers.llvm.clang.1_0;
				GCC_WARN_64_TO_32_BIT_CONVERSION = YES;
				GCC_WARN_ABOUT_RETURN_TYPE = YES;
				GCC_WARN_UNINITIALIZED_AUTOS = YES;
				GCC_WARN_UNUSED_VARIABLE = YES;
				INFOPLIST_FILE = "ArduinoTest/ArduinoTest-Info.plist";
				INSTALL_BUNDLE = 0;
				MACOSX_DEPLOYMENT_TARGET = 10.7;
				ONLY_ACTIVE_ARCH = YES;
				PRODUCT_NAME = "$(TARGET_NAME)";
				SDKROOT = macosx;
				WRAPPER_EXTENSION = octest;
			};
			name = Debug;
		};
		85D296651574C80F0078F4F8 /* Release */ = {
			isa = XCBuildConfiguration;
			buildSettings = {
				ALWAYS_SEARCH_USER_PATHS = NO;
				ARCHS = "$(ARCHS_STANDARD_64_BIT)";
				BUNDLE_LOADER = "";
				CLANG_ENABLE_OBJC_ARC = YES;
				COPY_PHASE_STRIP = YES;
				DEBUG_INFORMATION_FORMAT = "dwarf-with-dsym";
				FRAMEWORK_SEARCH_PATHS = "$(DEVELOPER_LIBRARY_DIR)/Frameworks";
				GCC_C_LANGUAGE_STANDARD = gnu99;
				GCC_ENABLE_OBJC_EXCEPTIONS = YES;
				GCC_PRECOMPILE_PREFIX_HEADER = YES;
				GCC_PREFIX_HEADER = "ArduinoTest/ArduinoTest-Prefix.pch";
				GCC_VERSION = com.apple.compilers.llvm.clang.1_0;
				GCC_WARN_64_TO_32_BIT_CONVERSION = YES;
				GCC_WARN_ABOUT_RETURN_TYPE = YES;
				GCC_WARN_UNINITIALIZED_AUTOS = YES;
				GCC_WARN_UNUSED_VARIABLE = YES;
				INFOPLIST_FILE = "ArduinoTest/ArduinoTest-Info.plist";
				INSTALL_BUNDLE = 0;
				MACOSX_DEPLOYMENT_TARGET = 10.7;
				PRODUCT_NAME = "$(TARGET_NAME)";
				SDKROOT = macosx;
				WRAPPER_EXTENSION = octest;
			};
			name = Release;
		};
/* End XCBuildConfiguration section */

/* Begin XCConfigurationList section */
		85AF87E6156FED4E00B20241 /* Build configuration list for PBXProject "Arduino" */ = {
			isa = XCConfigurationList;
			buildConfigurations = (
				85AF87FC156FED4F00B20241 /* Debug */,
				85AF87FD156FED4F00B20241 /* Release */,
			);
			defaultConfigurationIsVisible = 0;
			defaultConfigurationName = Release;
		};
		85AF87FE156FED4F00B20241 /* Build configuration list for PBXNativeTarget "Arduino" */ = {
			isa = XCConfigurationList;
			buildConfigurations = (
				85AF87FF156FED4F00B20241 /* Debug */,
				85AF8800156FED4F00B20241 /* Release */,
			);
			defaultConfigurationIsVisible = 0;
			defaultConfigurationName = Release;
		};
		85D296631574C80F0078F4F8 /* Build configuration list for PBXNativeTarget "ArduinoTest" */ = {
			isa = XCConfigurationList;
			buildConfigurations = (
				85D296641574C80F0078F4F8 /* Debug */,
				85D296651574C80F0078F4F8 /* Release */,
			);
			defaultConfigurationIsVisible = 0;
		};
/* End XCConfigurationList section */
	};
	rootObject = 85AF87E3156FED4E00B20241 /* Project object */;
}
